lockfileVersion: '6.0'

settings:
  autoInstallPeers: true
  excludeLinksFromLockfile: false

dependencies:
  '@rescript/core':
    specifier: ^0.6.0
    version: 0.6.0(rescript@11.0.0-rc.6)

devDependencies:
  rescript:
    specifier: 11.0.0-rc.6
    version: 11.0.0-rc.6

packages:

  /@rescript/core@0.6.0(rescript@11.0.0-rc.6):
    resolution: {integrity: sha512-D4ykxSpbmxbQa99kCg6/DztwCNt1tV3t11BLSOvJPHNLSIuQxfAU3ddgRruaH9LQSKOrMUjxQS9z6RdG5iFPoA==}
    peerDependencies:
      rescript: ^10.1.0 || ^11.0.0-alpha.0 || next
    dependencies:
      rescript: 11.0.0-rc.6
    dev: false

  /rescript@11.0.0-rc.6:
    resolution: {integrity: sha512-2nqdpQxLgQGNp0Rb8AFn5cM3kwRTd54zLvchqCsK3iLOe1CJwdVW5nEF7lsJbFTqihl8W6Va1y7SbFxY3FNxOQ==}
    engines: {node: '>=10'}
    hasBin: true
    requiresBuild: true
